{
    "_meta": {
        "hash": {
            "sha256": "6aaad1a59d809a4350b0193c9319a00909e7e75ace96083f9ca6a6645952ab4d"
        },
        "pipfile-spec": 6,
        "requires": {
            "python_version": "3.8"
        },
        "sources": [
            {
                "name": "pypi",
                "url": "https://pypi.org/simple",
                "verify_ssl": true
            }
        ]
    },
    "default": {
        "atomicwrites": {
            "hashes": [
                "sha256:6d1784dea7c0c8d4a5172b6c620f40b6e4cbfdf96d783691f2e1302a7b88e197",
                "sha256:ae70396ad1a434f9c7046fd2dd196fc04b12f9e91ffb859164193be8b6168a7a"
            ],
            "markers": "python_version >= '2.7' and python_version not in '3.0, 3.1, 3.2, 3.3'",
            "version": "==1.4.0"
        },
        "attrs": {
            "hashes": [
                "sha256:149e90d6d8ac20db7a955ad60cf0e6881a3f20d37096140088356da6c716b0b1",
                "sha256:ef6aaac3ca6cd92904cdd0d83f629a15f18053ec84e6432106f7a4d04ae4f5fb"
            ],
            "markers": "python_version >= '2.7' and python_version not in '3.0, 3.1, 3.2, 3.3, 3.4'",
            "version": "==21.2.0"
        },
        "cachetools": {
            "hashes": [
                "sha256:2cc0b89715337ab6dbba85b5b50effe2b0c74e035d83ee8ed637cf52f12ae001",
                "sha256:61b5ed1e22a0924aed1d23b478f37e8d52549ff8a961de2909c69bf950020cff"
            ],
            "markers": "python_version ~= '3.5'",
            "version": "==4.2.2"
        },
        "certifi": {
            "hashes": [
                "sha256:2bbf76fd432960138b3ef6dda3dde0544f27cbf8546c458e60baf371917ba9ee",
                "sha256:50b1e4f8446b06f41be7dd6338db18e0990601dce795c2b1686458aa7e8fa7d8"
            ],
            "version": "==2021.5.30"
        },
        "chardet": {
            "hashes": [
                "sha256:0d6f53a15db4120f2b08c94f11e7d93d2c911ee118b6b30a04ec3ee8310179fa",
                "sha256:f864054d66fd9118f2e67044ac8981a54775ec5b67aed0441892edb553d21da5"
            ],
            "markers": "python_version >= '2.7' and python_version not in '3.0, 3.1, 3.2, 3.3, 3.4'",
            "version": "==4.0.0"
        },
        "decorator": {
            "hashes": [
                "sha256:33cd704aea07b4c28b3eb2c97d288a06918275dac0ecebdaf1bc8a48d98adb9e",
                "sha256:cabb249f4710888a2fc0e13e9a16c343d932033718ff62e1e9bc93a9d3a9122b"
            ],
            "index": "pypi",
            "version": "==4.3.2"
        },
        "elasticsearch": {
            "hashes": [
                "sha256:1aedf00b73f5d1e77cb4df70fec58f2efb664be4ce2686374239aa6c0373c65c",
                "sha256:c3a560bb83e4981b5a5c82080d2ceb99686d33692ef53365656129478aa5ddb2"
            ],
            "index": "pypi",
            "version": "==6.8.2"
        },
        "elasticsearch-dsl": {
            "hashes": [
                "sha256:5f43196a3fd91b2eac90f7345e99f92c66004d85a1fd803cdecf756430827231",
                "sha256:5f80b3b4a6e61db5d273bc57c32a80b2ddbc555afcc122c62c20440c355008be"
            ],
            "index": "pypi",
            "version": "==6.3.1"
        },
        "google-api-core": {
            "extras": [
                "grpc"
            ],
            "hashes": [
                "sha256:0724d354d394b3d763bc10dfee05807813c5210f0bd9b8e2ddf6b6925603411c",
                "sha256:92cd9e9f366e84bfcf2524e34d2dc244906c645e731962617ba620da1620a1e0"
            ],
            "markers": "python_version >= '2.7' and python_version not in '3.0, 3.1, 3.2, 3.3, 3.4, 3.5'",
            "version": "==1.30.0"
        },
        "google-auth": {
            "hashes": [
                "sha256:9266252e11393943410354cf14a77bcca24dd2ccd9c4e1aef23034fe0fbae630",
                "sha256:c7c215c74348ef24faef2f7b62f6d8e6b38824fe08b1e7b7b09a02d397eda7b3"
            ],
            "markers": "python_version >= '2.7' and python_version not in '3.0, 3.1, 3.2, 3.3, 3.4, 3.5'",
            "version": "==1.32.1"
        },
        "google-cloud-tasks": {
            "hashes": [
                "sha256:6be2f2bca14b4eb1c1bdb0f4ba1dadf791e79a2a3e1fae762e5631a3d9fe094e",
                "sha256:fcf972602ab633045a7692a963132d9960fa9888d61512e3c4090e692bb12682"
            ],
            "index": "pypi",
            "version": "==2.2.0"
        },
        "googleapis-common-protos": {
            "extras": [
                "grpc"
            ],
            "hashes": [
                "sha256:a88ee8903aa0a81f6c3cec2d5cf62d3c8aa67c06439b0496b49048fb1854ebf4",
                "sha256:f6d561ab8fb16b30020b940e2dd01cd80082f4762fa9f3ee670f4419b4b8dbd0"
            ],
            "markers": "python_version >= '3.6'",
            "version": "==1.53.0"
        },
        "grpc-google-iam-v1": {
            "hashes": [
                "sha256:0bfb5b56f648f457021a91c0df0db4934b6e0c300bd0f2de2333383fe958aa72"
            ],
            "version": "==0.12.3"
        },
        "grpcio": {
            "hashes": [
                "sha256:0e193feaf4ebc72f6af57d7b8a08c0b8e43ebbd76f81c6f1e55d013557602dfd",
                "sha256:118479436bda25b369e2dc1cd0921790fbfaea1ec663e4ee7095c4c325694495",
                "sha256:1f79d8a24261e3c12ec3a6c25945ff799ae09874fd24815bc17c2dc37715ef6c",
                "sha256:26af85ae0a7ff8e8f8f550255bf85551df86a89883c11721c0756b71bc1019be",
                "sha256:278e131bfbc57bab112359b98930b0fdbf81aa0ba2cdfc6555c7a5119d7e2117",
                "sha256:2a179b2565fa85a134933acc7845f9d4c12e742c802b4f50bf2fd208bf8b741e",
                "sha256:3a25e1a46f51c80d06b66223f61938b9ffda37f2824ca65749c49b758137fac2",
                "sha256:3db0680fee9e55022677abda186e73e3c019c59ed83e1550519250dc97cf6793",
                "sha256:3e85bba6f0e0c454a90b8fea16b59db9c6d19ddf9cc95052b2d4ca77b22d46d6",
                "sha256:3eb960c2f9e031f0643b53bab67733a9544d82f42d0714338183d14993d2a23c",
                "sha256:419af4f577a3d5d9f386aeacf4c4992f90016f84cbceb11ecd832101b1f7f9c9",
                "sha256:44efa41ac36f6bcbf4f64d6479b3031cceea28cf6892a77f15bd1c22611bff9d",
                "sha256:4bc60f8372c3ab06f41279163c5d558bf95195bb3f68e35ed19f95d4fbd53d71",
                "sha256:4c19578b35715e110c324b27c18ab54a56fccc4c41b8f651b1d1da5a64e0d605",
                "sha256:532ab738351aad2cdad80f4355123652e08b207281f3923ce51fb2b58692dd4c",
                "sha256:549beb5646137b78534a312a3b80b2b8b1ea01058b38a711d42d6b54b20b6c2b",
                "sha256:59f5fb4ba219a11fdc1c23e17c93ca3090480a8cde4370c980908546ffc091e6",
                "sha256:5efa68fc3fe0c439e2858215f2224bfb7242c35079538d58063f68a0d5d5ec33",
                "sha256:5ff4802d9b3704e680454289587e1cc146bb0d953cf3c9296e2d96441a6a8e88",
                "sha256:6a225440015db88ec4625a2a41c21582a50cce7ffbe38dcbbb416c7180352516",
                "sha256:6d898441ada374f76e0b5354d7e240e1c0e905a1ebcb1e95d9ffd99c88f63700",
                "sha256:6e137d014cf4162e5a796777012452516d92547717c1b4914fb71ce4e41817b5",
                "sha256:6edf68d4305e08f6f8c45bfaa9dc04d527ab5a1562aaf0c452fa921fbe90eb23",
                "sha256:72e8358c751da9ab4f8653a3b67b2a3bb7e330ee57cb26439c6af358d6eac032",
                "sha256:77054f24d46498d9696c809da7810b67bccf6153f9848ea48331708841926d82",
                "sha256:7adfbd4e22647f880c9ed86b2be7f6d7a7dbbb8adc09395808cc7a4d021bc328",
                "sha256:87b4b1977b52d5e0873a5e396340d2443640ba760f4fa23e93a38997ecfbcd5b",
                "sha256:889518ce7c2a0609a3cffb7b667669a39b3410e869ff38e087bf7eeadad62e5d",
                "sha256:89af675d38bf490384dae85151768b8434e997cece98e5d1eb6fcb3c16d6af12",
                "sha256:8ab27a6626c2038e13c1b250c5cd22da578f182364134620ec298b4ccfc85722",
                "sha256:8ccde1df51eeaddf5515edc41bde2ea43a834a288914eae9ce4287399be108f5",
                "sha256:947bdba3ebcd93a7cef537d6405bc5667d1caf818fa8bbd2e2cc952ec8f97e09",
                "sha256:96d78d9edf3070770cefd1822bc220d8cccad049b818a70a3c630052e9f15490",
                "sha256:a433d3740a9ef7bc34a18e2b12bf72b25e618facdfd09871167b30fd8e955fed",
                "sha256:a77d1f47e5e82504c531bc9dd22c093ff093b6706ec8bcdad228464ef3a5dd54",
                "sha256:b1624123710fa701988a8a43994de78416e5010ac1508f64ed41e2577358604a",
                "sha256:b16e1967709392a0ec4b10b4374a72eb062c47c168a189606c9a7ea7b36593a8",
                "sha256:b5ea9902fc2990af993b74862282b49ae0b8de8a64ca3b4a8dda26a3163c3bb4",
                "sha256:c323265a4f18f586e8de84fda12b48eb3bd48395294aa2b8c05307ac1680299d",
                "sha256:c83481501533824fe341c17d297bbec1ec584ec46b352f98ce12bf16740615c4",
                "sha256:cd7ddb5b6ffcbd3691990df20f260a888c8bd770d57480a97da1b756fb1be5c0",
                "sha256:cddd61bff66e42ef334f8cb9e719951e479b5ad2cb75c00338aac8de28e17484",
                "sha256:cf6c3bfa403e055380fe90844beb4fe8e9448edab5d2bf40d37d208dbb2f768c",
                "sha256:d4179d96b0ce27602756185c1a00d088c9c1feb0cc17a36f8a66eec6ddddbc0c",
                "sha256:d49f250c3ffbe83ba2d03e3500e03505576a985f7c5f77172a9531058347aa68",
                "sha256:dcfcb147c18272a22a592251a49830b3c7abc82385ffff34916c2534175d885e",
                "sha256:ddd33c90b0c95eca737c9f6db7e969a48d23aed72cecb23f3b8aac009ca2cfb4",
                "sha256:e4a8a371ad02bf31576bcd99093cea3849e19ca1e9eb63fc0b2c0f1db1132f7d",
                "sha256:e891b0936aab73550d673dd3bbf89fa9577b3db1a61baecea480afd36fdb1852",
                "sha256:e90cda2ccd4bdb89a3cd5dc11771c3b8394817d5caaa1ae36042bc96a428c10e",
                "sha256:ff9ebc416e815161d89d2fd22d1a91acf3b810ef800dae38c402d19d203590bf"
            ],
            "version": "==1.38.1"
        },
        "httplib2": {
            "hashes": [
                "sha256:749c32603f9bf16c1277f59531d502e8f1c2ca19901ae653b49c4ed698f0820e",
                "sha256:e0d428dad43c72dbce7d163b7753ffc7a39c097e6788ef10f4198db69b92f08e"
            ],
            "index": "pypi",
            "version": "==0.19.0"
        },
        "idna": {
            "hashes": [
                "sha256:b307872f855b18632ce0c21c5e45be78c0ea7ae4c15c828c20788b26921eb3f6",
                "sha256:b97d804b1e9b523befed77c48dacec60e6dcb0b5391d57af6a65a312a90648c0"
            ],
            "markers": "python_version >= '2.7' and python_version not in '3.0, 3.1, 3.2, 3.3'",
            "version": "==2.10"
        },
        "kubernetes": {
            "hashes": [
                "sha256:eb95331512c2e9206c85b62788f82cc2d51cfb96420d4ef18f007ec1b9d87f0a",
                "sha256:ec360d9bae6ac67081f81bca23870822a5ff1508dffad6f20a5a2a03f20032c5"
            ],
            "index": "pypi",
            "version": "==9.0.1"
        },
        "libcst": {
            "hashes": [
                "sha256:4876239db55164acaf034ee01f56a7db0a2f90cacea24b183d8aa69efc11b067",
                "sha256:9e26313ded6e17605658b93319299bce43cc8d7e24dafc12d6f782f758a3faf4"
            ],
            "markers": "python_version >= '3.6'",
            "version": "==0.3.19"
        },
        "libcst": {
            "hashes": [
                "sha256:4876239db55164acaf034ee01f56a7db0a2f90cacea24b183d8aa69efc11b067",
                "sha256:9e26313ded6e17605658b93319299bce43cc8d7e24dafc12d6f782f758a3faf4"
            ],
            "markers": "python_version >= '3.6'",
            "version": "==0.3.19"
        },
        "more-itertools": {
            "hashes": [
                "sha256:2cf89ec599962f2ddc4d568a05defc40e0a587fbc10d5989713638864c36be4d",
                "sha256:83f0308e05477c68f56ea3a888172c78ed5d5b3c282addb67508e7ba6c8f813a"
            ],
            "markers": "python_version >= '3.5'",
            "version": "==8.8.0"
        },
        "mypy-extensions": {
            "hashes": [
                "sha256:090fedd75945a69ae91ce1303b5824f428daf5a028d2f6ab8a299250a846f15d",
                "sha256:2d82818f5bb3e369420cb3c4060a7970edba416647068eb4c5343488a6c604a8"
            ],
            "version": "==0.4.3"
        },
        "oauthlib": {
            "hashes": [
                "sha256:0ce32c5d989a1827e3f1148f98b9085ed2370fc939bf524c9c851d8714797298",
                "sha256:3e1e14f6cde7e5475128d30e97edc3bfb4dc857cb884d8714ec161fdbb3b358e"
            ],
            "index": "pypi",
            "version": "==3.0.1"
        },
        "packaging": {
            "hashes": [
                "sha256:7dc96269f53a4ccec5c0670940a4281106dd0bb343f47b7471f779df49c2fbe7",
                "sha256:c86254f9220d55e31cc94d69bade760f0847da8000def4dfe1c6b872fd14ff14"
            ],
            "markers": "python_version >= '3.6'",
            "version": "==21.0"
        },
        "pluggy": {
            "hashes": [
                "sha256:15b2acde666561e1298d71b523007ed7364de07029219b604cf808bfa1c765b0",
                "sha256:966c145cd83c96502c3c3868f50408687b38434af77734af1e9ca461a4081d2d"
            ],
            "markers": "python_version >= '2.7' and python_version not in '3.0, 3.1, 3.2, 3.3'",
            "version": "==0.13.1"
        },
        "proto-plus": {
            "hashes": [
                "sha256:ce6695ce804383ad6f392c4bb1874c323896290a1f656560de36416ba832d91e",
                "sha256:df7c71c08dc06403bdb0fba58cf9bf5f217198f6488c26b768f81e03a738c059"
            ],
            "markers": "python_version >= '3.6'",
            "version": "==1.19.0"
        },
        "protobuf": {
            "hashes": [
                "sha256:13ee7be3c2d9a5d2b42a1030976f760f28755fcf5863c55b1460fd205e6cd637",
                "sha256:145ce0af55c4259ca74993ddab3479c78af064002ec8227beb3d944405123c71",
                "sha256:14c1c9377a7ffbeaccd4722ab0aa900091f52b516ad89c4b0c3bb0a4af903ba5",
                "sha256:1556a1049ccec58c7855a78d27e5c6e70e95103b32de9142bae0576e9200a1b0",
                "sha256:26010f693b675ff5a1d0e1bdb17689b8b716a18709113288fead438703d45539",
                "sha256:2ae692bb6d1992afb6b74348e7bb648a75bb0d3565a3f5eea5bec8f62bd06d87",
                "sha256:2bfb815216a9cd9faec52b16fd2bfa68437a44b67c56bee59bc3926522ecb04e",
                "sha256:4ffbd23640bb7403574f7aff8368e2aeb2ec9a5c6306580be48ac59a6bac8bde",
                "sha256:59e5cf6b737c3a376932fbfb869043415f7c16a0cf176ab30a5bbc419cd709c1",
                "sha256:6902a1e4b7a319ec611a7345ff81b6b004b36b0d2196ce7a748b3493da3d226d",
                "sha256:6ce4d8bf0321e7b2d4395e253f8002a1a5ffbcfd7bcc0a6ba46712c07d47d0b4",
                "sha256:6d847c59963c03fd7a0cd7c488cadfa10cda4fff34d8bc8cba92935a91b7a037",
                "sha256:72804ea5eaa9c22a090d2803813e280fb273b62d5ae497aaf3553d141c4fdd7b",
                "sha256:7a4c97961e9e5b03a56f9a6c82742ed55375c4a25f2692b625d4087d02ed31b9",
                "sha256:85d6303e4adade2827e43c2b54114d9a6ea547b671cb63fafd5011dc47d0e13d",
                "sha256:8727ee027157516e2c311f218ebf2260a18088ffb2d29473e82add217d196b1c",
                "sha256:99938f2a2d7ca6563c0ade0c5ca8982264c484fdecf418bd68e880a7ab5730b1",
                "sha256:9b7a5c1022e0fa0dbde7fd03682d07d14624ad870ae52054849d8960f04bc764",
                "sha256:a22b3a0dbac6544dacbafd4c5f6a29e389a50e3b193e2c70dae6bbf7930f651d",
                "sha256:a38bac25f51c93e4be4092c88b2568b9f407c27217d3dd23c7a57fa522a17554",
                "sha256:a981222367fb4210a10a929ad5983ae93bd5a050a0824fc35d6371c07b78caf6",
                "sha256:ab6bb0e270c6c58e7ff4345b3a803cc59dbee19ddf77a4719c5b635f1d547aa8",
                "sha256:c56c050a947186ba51de4f94ab441d7f04fcd44c56df6e922369cc2e1a92d683",
                "sha256:e76d9686e088fece2450dbc7ee905f9be904e427341d289acbe9ad00b78ebd47",
                "sha256:ebcb546f10069b56dc2e3da35e003a02076aaa377caf8530fe9789570984a8d2",
                "sha256:f0e59430ee953184a703a324b8ec52f571c6c4259d496a19d1cabcdc19dabc62",
                "sha256:ffea251f5cd3c0b9b43c7a7a912777e0bc86263436a87c2555242a348817221b"
            ],
            "version": "==3.17.3"
        },
        "pure25519": {
            "hashes": [
                "sha256:8982b990294efc7bef12d8e89e3e3d0a8249ef7e21adf567660941fce255033d"
            ],
            "index": "pypi",
            "version": "==0.0.1"
        },
        "py": {
            "hashes": [
                "sha256:21b81bda15b66ef5e1a777a21c4dcd9c20ad3efd0b3f817e7a809035269e1bd3",
                "sha256:3b80836aa6d1feeaa108e046da6423ab8f6ceda6468545ae8d02d9d58d18818a"
            ],
            "markers": "python_version >= '2.7' and python_version not in '3.0, 3.1, 3.2, 3.3'",
            "version": "==1.10.0"
        },
        "pyasn1": {
            "hashes": [
                "sha256:014c0e9976956a08139dc0712ae195324a75e142284d5f87f1a87ee1b068a359",
                "sha256:03840c999ba71680a131cfaee6fab142e1ed9bbd9c693e285cc6aca0d555e576",
                "sha256:0458773cfe65b153891ac249bcf1b5f8f320b7c2ce462151f8fa74de8934becf",
                "sha256:08c3c53b75eaa48d71cf8c710312316392ed40899cb34710d092e96745a358b7",
                "sha256:39c7e2ec30515947ff4e87fb6f456dfc6e84857d34be479c9d4a4ba4bf46aa5d",
                "sha256:5c9414dcfede6e441f7e8f81b43b34e834731003427e5b09e4e00e3172a10f00",
                "sha256:6e7545f1a61025a4e58bb336952c5061697da694db1cae97b116e9c46abcf7c8",
                "sha256:78fa6da68ed2727915c4767bb386ab32cdba863caa7dbe473eaae45f9959da86",
                "sha256:7ab8a544af125fb704feadb008c99a88805126fb525280b2270bb25cc1d78a12",
                "sha256:99fcc3c8d804d1bc6d9a099921e39d827026409a58f2a720dcdb89374ea0c776",
                "sha256:aef77c9fb94a3ac588e87841208bdec464471d9871bd5050a287cc9a475cd0ba",
                "sha256:e89bf84b5437b532b0803ba5c9a5e054d21fec423a89952a74f87fa2c9b7bce2",
                "sha256:fec3e9d8e36808a28efb59b489e4528c10ad0f480e57dcc32b4de5c9d8c9fdf3"
            ],
            "version": "==0.4.8"
        },
        "pyasn1-modules": {
            "hashes": [
                "sha256:0845a5582f6a02bb3e1bde9ecfc4bfcae6ec3210dd270522fee602365430c3f8",
                "sha256:0fe1b68d1e486a1ed5473f1302bd991c1611d319bba158e98b106ff86e1d7199",
                "sha256:15b7c67fabc7fc240d87fb9aabf999cf82311a6d6fb2c70d00d3d0604878c811",
                "sha256:426edb7a5e8879f1ec54a1864f16b882c2837bfd06eee62f2c982315ee2473ed",
                "sha256:65cebbaffc913f4fe9e4808735c95ea22d7a7775646ab690518c056784bc21b4",
                "sha256:905f84c712230b2c592c19470d3ca8d552de726050d1d1716282a1f6146be65e",
                "sha256:a50b808ffeb97cb3601dd25981f6b016cbb3d31fbf57a8b8a87428e6158d0c74",
                "sha256:a99324196732f53093a84c4369c996713eb8c89d360a496b599fb1a9c47fc3eb",
                "sha256:b80486a6c77252ea3a3e9b1e360bc9cf28eaac41263d173c032581ad2f20fe45",
                "sha256:c29a5e5cc7a3f05926aff34e097e84f8589cd790ce0ed41b67aed6857b26aafd",
                "sha256:cbac4bc38d117f2a49aeedec4407d23e8866ea4ac27ff2cf7fb3e5b570df19e0",
                "sha256:f39edd8c4ecaa4556e989147ebf219227e2cd2e8a43c7e7fcb1f1c18c5fd6a3d",
                "sha256:fe0644d9ab041506b62782e92b06b8c68cca799e1a9636ec398675459e031405"
            ],
            "version": "==0.2.8"
        },
        "pyparsing": {
            "hashes": [
                "sha256:c203ec8783bf771a155b207279b9bccb8dea02d8f0c9e5f8ead507bc3246ecc1",
                "sha256:ef9d7589ef3c200abe66653d3f1ab1033c3c419ae9b9bdb1240a85b024efc88b"
            ],
            "markers": "python_version >= '2.6' and python_version not in '3.0, 3.1, 3.2, 3.3'",
            "version": "==2.4.7"
        },
        "pytest": {
            "hashes": [
                "sha256:13c1c9b22127a77fc684eee24791efafcef343335d855e3573791c68588fe1a5",
                "sha256:d8ba7be9466f55ef96ba203fc0f90d0cf212f2f927e69186e1353e30bc7f62e5"
            ],
            "index": "pypi",
            "version": "==5.2.0"
        },
        "pytest-testconfig": {
            "hashes": [
                "sha256:2e9c2ae6036180841170aea34af9f3b45f321e087b8dd4f4b6f5c4de65e35039",
                "sha256:687d068869e74190e90cc394f116a314b40e4ee8a152bac755ac58adddf3962d"
            ],
            "index": "pypi",
            "version": "==0.1.1"
        },
        "python-dateutil": {
            "hashes": [
                "sha256:063df5763652e21de43de7d9e00ccf239f953a832941e37be541614732cdfc93",
                "sha256:88f9287c0174266bb0d8cedd395cfba9c58e87e5ad86b2ce58859bc11be3cf02"
            ],
            "index": "pypi",
            "version": "==2.7.5"
        },
        "pytz": {
            "hashes": [
                "sha256:32b0891edff07e28efe91284ed9c31e123d84bea3fd98e1f72be2508f43ef8d9",
                "sha256:d5f05e487007e29e03409f9398d074e158d920d36eb82eaf66fb1136b0c5374c"
            ],
            "index": "pypi",
            "version": "==2018.9"
        },
        "pyyaml": {
            "hashes": [
                "sha256:08682f6b72c722394747bddaf0aa62277e02557c0fd1c42cb853016a38f8dedf",
                "sha256:0f5f5786c0e09baddcd8b4b45f20a7b5d61a7e7e99846e3c799b05c7c53fa696",
                "sha256:129def1b7c1bf22faffd67b8f3724645203b79d8f4cc81f674654d9902cb4393",
                "sha256:294db365efa064d00b8d1ef65d8ea2c3426ac366c0c4368d930bf1c5fb497f77",
                "sha256:3b2b1824fe7112845700f815ff6a489360226a5609b96ec2190a45e62a9fc922",
                "sha256:3bd0e463264cf257d1ffd2e40223b197271046d09dadf73a0fe82b9c1fc385a5",
                "sha256:4465124ef1b18d9ace298060f4eccc64b0850899ac4ac53294547536533800c8",
                "sha256:49d4cdd9065b9b6e206d0595fee27a96b5dd22618e7520c33204a4a3239d5b10",
                "sha256:4e0583d24c881e14342eaf4ec5fbc97f934b999a6828693a99157fde912540cc",
                "sha256:5accb17103e43963b80e6f837831f38d314a0495500067cb25afab2e8d7a4018",
                "sha256:607774cbba28732bfa802b54baa7484215f530991055bb562efbed5b2f20a45e",
                "sha256:6c78645d400265a062508ae399b60b8c167bf003db364ecb26dcab2bda048253",
                "sha256:72a01f726a9c7851ca9bfad6fd09ca4e090a023c00945ea05ba1638c09dc3347",
                "sha256:74c1485f7707cf707a7aef42ef6322b8f97921bd89be2ab6317fd782c2d53183",
                "sha256:895f61ef02e8fed38159bb70f7e100e00f471eae2bc838cd0f4ebb21e28f8541",
                "sha256:8c1be557ee92a20f184922c7b6424e8ab6691788e6d86137c5d93c1a6ec1b8fb",
                "sha256:bb4191dfc9306777bc594117aee052446b3fa88737cd13b7188d0e7aa8162185",
                "sha256:bfb51918d4ff3d77c1c856a9699f8492c612cde32fd3bcd344af9be34999bfdc",
                "sha256:c20cfa2d49991c8b4147af39859b167664f2ad4561704ee74c1de03318e898db",
                "sha256:cb333c16912324fd5f769fff6bc5de372e9e7a202247b48870bc251ed40239aa",
                "sha256:d2d9808ea7b4af864f35ea216be506ecec180628aced0704e34aca0b040ffe46",
                "sha256:d483ad4e639292c90170eb6f7783ad19490e7a8defb3e46f97dfe4bacae89122",
                "sha256:dd5de0646207f053eb0d6c74ae45ba98c3395a571a2891858e87df7c9b9bd51b",
                "sha256:e1d4970ea66be07ae37a3c2e48b5ec63f7ba6804bdddfdbd3cfd954d25a82e63",
                "sha256:e4fac90784481d221a8e4b1162afa7c47ed953be40d31ab4629ae917510051df",
                "sha256:fa5ae20527d8e831e8230cbffd9f8fe952815b2b7dae6ffec25318803a7528fc",
                "sha256:fd7f6999a8070df521b6384004ef42833b9bd62cfee11a09bda1079b4b704247",
                "sha256:fdc842473cd33f45ff6bce46aea678a54e3d21f1b61a7750ce3c498eedfe25d6",
                "sha256:fe69978f3f768926cfa37b867e3843918e012cf83f680806599ddce33c2c68b0"
            ],
            "index": "pypi",
            "version": "==5.4.1"
        },
        "requests": {
            "hashes": [
                "sha256:27973dd4a904a4f13b263a19c866c13b92a39ed1c964655f025f3f8d3d75b804",
                "sha256:c210084e36a42ae6b9219e00e48287def368a26d03a048ddad7bfee44f75871e"
            ],
            "index": "pypi",
            "version": "==2.25.1"
        },
        "requests-oauthlib": {
            "hashes": [
                "sha256:bd6533330e8748e94bf0b214775fed487d309b8b8fe823dc45641ebcd9a32f57",
                "sha256:d3ed0c8f2e3bbc6b344fa63d6f933745ab394469da38db16bdddb461c7e25140",
                "sha256:dd5a0499abfefd087c6dd96693cbd5bfd28aa009719a7f85ab3fabe3956ef19a"
            ],
            "index": "pypi",
            "version": "==1.2.0"
        },
        "rsa": {
            "hashes": [
                "sha256:78f9a9bf4e7be0c5ded4583326e7461e3a3c5aae24073648b4bdfa797d78c9d2",
                "sha256:9d689e6ca1b3038bc82bf8d23e944b6b6037bc02301a574935b2dd946e0353b9"
            ],
            "markers": "python_version >= '3.6'",
            "version": "==4.7.2"
        },
        "six": {
            "hashes": [
                "sha256:1e61c37477a1626458e36f7b1d82aa5c9b094fa4802892072e49de9c60c4c926",
                "sha256:8abb2f1d86890a2dfb989f9a77cfcfd3e47c2a354b01111771326f8aa26e0254"
            ],
            "markers": "python_version >= '2.7' and python_version not in '3.0, 3.1, 3.2, 3.3'",
            "version": "==1.16.0"
        },
        "toml": {
            "hashes": [
                "sha256:229f81c57791a41d65e399fc06bf0848bab550a9dfd5ed66df18ce5f05e73d5c",
                "sha256:235682dd292d5899d361a811df37e04a8828a5b1da3115886b73cf81ebc9100e",
                "sha256:f1db651f9657708513243e61e6cc67d101a39bad662eaa9b5546f789338e07a3"
            ],
            "index": "pypi",
            "version": "==0.10.0"
        },
        "typing-extensions": {
            "hashes": [
                "sha256:0ac0f89795dd19de6b97debb0c6af1c70987fd80a2d62d1958f7e56fcc31b497",
                "sha256:50b6f157849174217d0656f99dc82fe932884fb250826c18350e159ec6cdf342",
                "sha256:779383f6086d90c99ae41cf0ff39aac8a7937a9283ce0a414e5dd782f4c94a84"
            ],
            "version": "==3.10.0.0"
        },
        "typing-inspect": {
            "hashes": [
                "sha256:047d4097d9b17f46531bf6f014356111a1b6fb821a24fe7ac909853ca2a782aa",
                "sha256:3cd7d4563e997719a710a3bfe7ffb544c6b72069b6812a02e9b414a8fa3aaa6b",
                "sha256:b1f56c0783ef0f25fb064a01be6e5407e54cf4a4bf4f3ba3fe51e0bd6dcea9e5"
            ],
            "version": "==0.7.1"
        },
        "urllib3": {
            "hashes": [
                "sha256:39fb8672126159acb139a7718dd10806104dec1e2f0f6c88aab05d17df10c8d4",
                "sha256:f57b4c16c62fa2760b7e3d97c35b255512fb6b59a259730f36ba32ce9f8e342f"
            ],
            "index": "pypi",
            "version": "==1.26.6"
        },
        "wcwidth": {
            "hashes": [
                "sha256:beb4802a9cebb9144e99086eff703a642a13d6a0052920003a230f3294bbe784",
                "sha256:c4d647b99872929fdb7bdcaa4fbe7f01413ed3d98077df798530e5b04f116c83"
            ],
            "version": "==0.2.5"
        },
        "websocket-client": {
            "hashes": [
                "sha256:b68e4959d704768fa20e35c9d508c8dc2bbc041fd8d267c0d7345cffe2824568",
                "sha256:e5c333bfa9fa739538b652b6f8c8fc2559f1d364243c8a689d7c0e1d41c2e611"
            ],
            "markers": "python_version >= '3.6'",
            "version": "==1.1.0"
        }
    },
    "develop": {}
}
